
Microsoft Visual Studio Solution File, Format Version 12.00
# Visual Studio Version 16
VisualStudioVersion = 16.0.31424.327
MinimumVisualStudioVersion = 10.0.40219.1
Project("{FAE04EC0-301F-11D3-BF4B-00C04F79EFBC}") = "Garcia Bernardo_Lambda", "Garcia Bernardo_Lambda\Garcia Bernardo_Lambda.csproj", "{0BB860BE-F65D-439B-ACA3-9B53231AA483}"
EndProject
Global
	GlobalSection(SolutionConfigurationPlatforms) = preSolution
		Debug|Any CPU = Debug|Any CPU
		Release|Any CPU = Release|Any CPU
	EndGlobalSection
	GlobalSection(ProjectConfigurationPlatforms) = postSolution
		{0BB860BE-F65D-439B-ACA3-9B53231AA483}.Debug|Any CPU.ActiveCfg = Debug|Any CPU
		{0BB860BE-F65D-439B-ACA3-9B53231AA483}.Debug|Any CPU.Build.0 = Debug|Any CPU
		{0BB860BE-F65D-439B-ACA3-9B53231AA483}.Release|Any CPU.ActiveCfg = Release|Any CPU
		{0BB860BE-F65D-439B-ACA3-9B53231AA483}.Release|Any CPU.Build.0 = Release|Any CPU
	EndGlobalSection
	GlobalSection(SolutionProperties) = preSolution
		HideSolutionNode = FALSE
	EndGlobalSection
	GlobalSection(ExtensibilityGlobals) = postSolution
		SolutionGuid = {E503079B-B27C-4345-B174-924832EE7AA5}
	EndGlobalSection
EndGlobal
